
Microsoft Visual Studio Solution File, Format Version 12.00
# Visual Studio Version 17
VisualStudioVersion = 17.0.31903.59
MinimumVisualStudioVersion = 10.0.40219.1
Project("{FAE04EC0-301F-11D3-BF4B-00C04F79EFBC}") = "Hotel.UnitTests", "Hotel.UnitTests\Hotel.UnitTests.csproj", "{2A4637DA-4D5D-4C73-B9E5-12D8D8A6A2EE}"
EndProject
Project("{FAE04EC0-301F-11D3-BF4B-00C04F79EFBC}") = "Hotel", "Hotel\Hotel.csproj", "{70242B5B-745E-429C-B94F-4DB0CE35099D}"
EndProject
Global
	GlobalSection(SolutionConfigurationPlatforms) = preSolution
		Debug|Any CPU = Debug|Any CPU
		Release|Any CPU = Release|Any CPU
	EndGlobalSection
	GlobalSection(SolutionProperties) = preSolution
		HideSolutionNode = FALSE
	EndGlobalSection
	GlobalSection(ProjectConfigurationPlatforms) = postSolution
		{2A4637DA-4D5D-4C73-B9E5-12D8D8A6A2EE}.Debug|Any CPU.ActiveCfg = Debug|Any CPU
		{2A4637DA-4D5D-4C73-B9E5-12D8D8A6A2EE}.Debug|Any CPU.Build.0 = Debug|Any CPU
		{2A4637DA-4D5D-4C73-B9E5-12D8D8A6A2EE}.Release|Any CPU.ActiveCfg = Release|Any CPU
		{2A4637DA-4D5D-4C73-B9E5-12D8D8A6A2EE}.Release|Any CPU.Build.0 = Release|Any CPU
		{70242B5B-745E-429C-B94F-4DB0CE35099D}.Debug|Any CPU.ActiveCfg = Debug|Any CPU
		{70242B5B-745E-429C-B94F-4DB0CE35099D}.Debug|Any CPU.Build.0 = Debug|Any CPU
		{70242B5B-745E-429C-B94F-4DB0CE35099D}.Release|Any CPU.ActiveCfg = Release|Any CPU
		{70242B5B-745E-429C-B94F-4DB0CE35099D}.Release|Any CPU.Build.0 = Release|Any CPU
	EndGlobalSection
EndGlobal
